
Microsoft Visual Studio Solution File, Format Version 12.00
# Visual Studio Version 17
VisualStudioVersion = 17.6.33723.286
MinimumVisualStudioVersion = 10.0.40219.1
Project("{FAE04EC0-301F-11D3-BF4B-00C04F79EFBC}") = "Calculator App", "Calculator App\Calculator App.csproj", "{43F512BA-089B-4B14-B720-6C5F35E5AFF5}"
EndProject
Global
	GlobalSection(SolutionConfigurationPlatforms) = preSolution
		Debug|Any CPU = Debug|Any CPU
		Release|Any CPU = Release|Any CPU
	EndGlobalSection
	GlobalSection(ProjectConfigurationPlatforms) = postSolution
		{43F512BA-089B-4B14-B720-6C5F35E5AFF5}.Debug|Any CPU.ActiveCfg = Debug|Any CPU
		{43F512BA-089B-4B14-B720-6C5F35E5AFF5}.Debug|Any CPU.Build.0 = Debug|Any CPU
		{43F512BA-089B-4B14-B720-6C5F35E5AFF5}.Release|Any CPU.ActiveCfg = Release|Any CPU
		{43F512BA-089B-4B14-B720-6C5F35E5AFF5}.Release|Any CPU.Build.0 = Release|Any CPU
	EndGlobalSection
	GlobalSection(SolutionProperties) = preSolution
		HideSolutionNode = FALSE
	EndGlobalSection
	GlobalSection(ExtensibilityGlobals) = postSolution
		SolutionGuid = {2BEC7E7F-0617-4D48-8B88-60B2C7C43A32}
	EndGlobalSection
EndGlobal
